<?xml version="1.0" encoding="utf-8"?>
<Project ToolsVersion="4.0" xmlns="http://schemas.microsoft.com/developer/msbuild/2003">
  <ItemGroup>
    <Filter Include="源文件">
      <UniqueIdentifier>{4FC737F1-C7A5-4376-A066-2A32D752A2FF}</UniqueIdentifier>
      <Extensions>cpp;c;cc;cxx;c++;cppm;ixx;def;odl;idl;hpj;bat;asm;asmx</Extensions>
    </Filter>
    <Filter Include="头文件">
      <UniqueIdentifier>{93995380-89BD-4b04-88EB-625FBE52EBFB}</UniqueIdentifier>
      <Extensions>h;hh;hpp;hxx;h++;hm;inl;inc;ipp;xsd</Extensions>
    </Filter>
    <Filter Include="资源文件">
      <UniqueIdentifier>{67DA6AB6-F800-4c08-8B7A-83BB121AAD01}</UniqueIdentifier>
      <Extensions>rc;ico;cur;bmp;dlg;rc2;rct;bin;rgs;gif;jpg;jpeg;jpe;resx;tiff;tif;png;wav;mfcribbon-ms</Extensions>
    </Filter>
    <Filter Include="源文件\d3d12">
      <UniqueIdentifier>{285024c7-c9a3-4073-b508-27b421c591d2}</UniqueIdentifier>
    </Filter>
    <Filter Include="头文件\d3d12">
      <UniqueIdentifier>{9aad0f09-acfb-4718-b3cc-ce017ce9dac0}</UniqueIdentifier>
    </Filter>
    <Filter Include="rhi">
      <UniqueIdentifier>{7dddb6e6-c1a0-40c6-8430-40146068f3fc}</UniqueIdentifier>
    </Filter>
    <Filter Include="framegraph">
      <UniqueIdentifier>{217f4d81-069f-428a-8cdc-ce8636e0e6cd}</UniqueIdentifier>
    </Filter>
  </ItemGroup>
  <ItemGroup>
    <ClInclude Include="include\rhi\base.h">
      <Filter>头文件</Filter>
    </ClInclude>
    <ClInclude Include="include\rhi\resource.h">
      <Filter>头文件</Filter>
    </ClInclude>
    <ClInclude Include="include\rhi\device.h">
      <Filter>头文件</Filter>
    </ClInclude>
    <ClInclude Include="src\d3d12\d12_device.h">
      <Filter>头文件\d3d12</Filter>
    </ClInclude>
    <ClInclude Include="include\rhi\buffer.h">
      <Filter>头文件</Filter>
    </ClInclude>
    <ClInclude Include="src\d3d12\d12_buffer.h">
      <Filter>头文件\d3d12</Filter>
    </ClInclude>
    <ClInclude Include="include\rhi\types.h">
      <Filter>头文件</Filter>
    </ClInclude>
    <ClInclude Include="src\d3d12\d12_convert.h">
      <Filter>头文件\d3d12</Filter>
    </ClInclude>
    <ClInclude Include="include\rhi\command_list.h">
      <Filter>头文件</Filter>
    </ClInclude>
    <ClInclude Include="include\rhi\command_queue.h">
      <Filter>头文件</Filter>
    </ClInclude>
    <ClInclude Include="src\d3d12\d12_command_queue.h">
      <Filter>头文件\d3d12</Filter>
    </ClInclude>
    <ClInclude Include="src\d3d12\d12_command_list.h">
      <Filter>头文件\d3d12</Filter>
    </ClInclude>
    <ClInclude Include="src\d3d12\d12_upload_buffer.h">
      <Filter>头文件\d3d12</Filter>
    </ClInclude>
    <ClInclude Include="include\rhi\thread_safe_queue.hpp">
      <Filter>头文件</Filter>
    </ClInclude>
    <ClInclude Include="include\rhi\graphics_pipeline.h">
      <Filter>头文件</Filter>
    </ClInclude>
    <ClInclude Include="include\rhi\swap_chain.h">
      <Filter>头文件</Filter>
    </ClInclude>
    <ClInclude Include="src\d3d12\d12_swap_chain.h">
      <Filter>头文件\d3d12</Filter>
    </ClInclude>
    <ClInclude Include="include\rhi\texture.h">
      <Filter>头文件</Filter>
    </ClInclude>
    <ClInclude Include="src\d3d12\d12_texture.h">
      <Filter>头文件\d3d12</Filter>
    </ClInclude>
    <ClInclude Include="include\rhi\render_target.h">
      <Filter>头文件</Filter>
    </ClInclude>
    <ClInclude Include="src\d3d12\d12_graphics_pipeline.h">
      <Filter>头文件\d3d12</Filter>
    </ClInclude>
    <ClInclude Include="include\rhi\shader.h">
      <Filter>头文件</Filter>
    </ClInclude>
    <ClInclude Include="include\rhi\input_layout.h">
      <Filter>头文件</Filter>
    </ClInclude>
    <ClInclude Include="src\d3d12\d12_input_layout.h">
      <Filter>头文件\d3d12</Filter>
    </ClInclude>
    <ClInclude Include="include\rhi\binding_layout.h">
      <Filter>头文件</Filter>
    </ClInclude>
    <ClInclude Include="src\d3d12\root_signature.h">
      <Filter>头文件\d3d12</Filter>
    </ClInclude>
    <ClInclude Include="src\d3d12\upload_buffer.h">
      <Filter>头文件\d3d12</Filter>
    </ClInclude>
    <ClInclude Include="src\d3d12\resource_state_tracker.h">
      <Filter>头文件\d3d12</Filter>
    </ClInclude>
    <ClInclude Include="src\game.h">
      <Filter>源文件</Filter>
    </ClInclude>
    <ClInclude Include="src\d3d12\descriptor_allocator.h">
      <Filter>头文件\d3d12</Filter>
    </ClInclude>
    <ClInclude Include="src\d3d12\dynamic_descriptor_heap.h">
      <Filter>头文件\d3d12</Filter>
    </ClInclude>
    <ClInclude Include="include\auto_timer.h">
      <Filter>源文件</Filter>
    </ClInclude>
    <ClInclude Include="include\rhi\spin.hpp">
      <Filter>头文件</Filter>
    </ClInclude>
    <ClInclude Include="src\framegraph\pass_node.h">
      <Filter>头文件</Filter>
    </ClInclude>
    <ClInclude Include="include\framegraph\framegraph_pass.h">
      <Filter>framegraph</Filter>
    </ClInclude>
    <ClInclude Include="include\framegraph\graph_node.h">
      <Filter>framegraph</Filter>
    </ClInclude>
    <ClInclude Include="include\framegraph\pass_node.h">
      <Filter>framegraph</Filter>
    </ClInclude>
    <ClInclude Include="include\framegraph\framegraph.h">
      <Filter>framegraph</Filter>
    </ClInclude>
    <ClInclude Include="include\framegraph\framegraph_resource.h">
      <Filter>framegraph</Filter>
    </ClInclude>
    <ClInclude Include="include\framegraph\resource_node.h">
      <Filter>framegraph</Filter>
    </ClInclude>
  </ItemGroup>
  <ItemGroup>
    <ClCompile Include="src\d3d12\d12_device.cpp">
      <Filter>源文件\d3d12</Filter>
    </ClCompile>
    <ClCompile Include="src\d3d12\d12_buffer.cpp">
      <Filter>源文件\d3d12</Filter>
    </ClCompile>
    <ClCompile Include="src\test.cpp">
      <Filter>源文件</Filter>
    </ClCompile>
    <ClCompile Include="src\d3d12\command_queue.cpp">
      <Filter>头文件\d3d12</Filter>
    </ClCompile>
    <ClCompile Include="src\d3d12\d12_command_list.cpp">
      <Filter>源文件\d3d12</Filter>
    </ClCompile>
    <ClCompile Include="src\d3d12\d12_command_queue.cpp">
      <Filter>源文件\d3d12</Filter>
    </ClCompile>
    <ClCompile Include="src\d3d12\d12_upload_buffer.cpp">
      <Filter>源文件\d3d12</Filter>
    </ClCompile>
    <ClCompile Include="src\d3d12\d12_swap_chain.cpp">
      <Filter>源文件\d3d12</Filter>
    </ClCompile>
    <ClCompile Include="src\render_target.cpp">
      <Filter>源文件</Filter>
    </ClCompile>
    <ClCompile Include="src\d3d12\d12_graphics_pipeline.cpp">
      <Filter>源文件\d3d12</Filter>
    </ClCompile>
    <ClCompile Include="src\d3d12\d12_convert.cpp">
      <Filter>源文件\d3d12</Filter>
    </ClCompile>
    <ClCompile Include="src\d3d12\d12_input_layout.cpp">
      <Filter>源文件\d3d12</Filter>
    </ClCompile>
    <ClCompile Include="src\d3d12\root_signature.cpp">
      <Filter>源文件\d3d12</Filter>
    </ClCompile>
    <ClCompile Include="src\d3d12\d12_texture.cpp">
      <Filter>源文件\d3d12</Filter>
    </ClCompile>
    <ClCompile Include="src\d3d12\upload_buffer.cpp">
      <Filter>源文件\d3d12</Filter>
    </ClCompile>
    <ClCompile Include="src\d3d12\resource_state_tracker.cpp">
      <Filter>源文件\d3d12</Filter>
    </ClCompile>
    <ClCompile Include="src\game.cpp">
      <Filter>源文件</Filter>
    </ClCompile>
    <ClCompile Include="src\test_game.cpp">
      <Filter>源文件</Filter>
    </ClCompile>
    <ClCompile Include="src\d3d12\descriptor_allocator.cpp">
      <Filter>源文件\d3d12</Filter>
    </ClCompile>
    <ClCompile Include="src\d3d12\dynamic_descriptor_heap.cpp">
      <Filter>源文件\d3d12</Filter>
    </ClCompile>
    <ClCompile Include="include\framegraph\framegraph_resource.cpp">
      <Filter>framegraph</Filter>
    </ClCompile>
    <ClCompile Include="include\framegraph\graph_node.cpp">
      <Filter>framegraph</Filter>
    </ClCompile>
    <ClCompile Include="include\framegraph\pass_node.cpp">
      <Filter>framegraph</Filter>
    </ClCompile>
    <ClCompile Include="include\framegraph\resource_node.cpp">
      <Filter>framegraph</Filter>
    </ClCompile>
    <ClCompile Include="include\framegraph\framegraph.cpp">
      <Filter>framegraph</Filter>
    </ClCompile>
  </ItemGroup>
</Project>